
Microsoft Visual Studio Solution File, Format Version 12.00
# Visual Studio Version 17
VisualStudioVersion = 17.10.35027.167
MinimumVisualStudioVersion = 10.0.40219.1
Project("{9A19103F-16F7-4668-BE54-9A1E7A4F7556}") = "DeerskinSimulation", "DeerskinSimulation\DeerskinSimulation.csproj", "{CED22CD3-F085-4F79-8E07-3E71ED2530F1}"
EndProject
Project("{9A19103F-16F7-4668-BE54-9A1E7A4F7556}") = "DeerskinSimulation.Tests", "DeerskinSimulation.Tests\DeerskinSimulation.Tests.csproj", "{F2A8CDCB-B08A-4F92-A741-9DEAAB3B7BB2}"
EndProject
Project("{2150E333-8FDC-42A3-9474-1A3956D46DE8}") = "opt", "opt", "{5C6F2BD2-0FD1-432E-BBD9-98DF7AB26351}"
	ProjectSection(SolutionItems) = preProject
		NOTES.txt = NOTES.txt
		README.md = README.md
		screenshot-00.png = screenshot-00.png
		screenshot-01.png = screenshot-01.png
	EndProjectSection
EndProject
Global
	GlobalSection(SolutionConfigurationPlatforms) = preSolution
		Debug|Any CPU = Debug|Any CPU
		Release|Any CPU = Release|Any CPU
	EndGlobalSection
	GlobalSection(ProjectConfigurationPlatforms) = postSolution
		{CED22CD3-F085-4F79-8E07-3E71ED2530F1}.Debug|Any CPU.ActiveCfg = Debug|Any CPU
		{CED22CD3-F085-4F79-8E07-3E71ED2530F1}.Debug|Any CPU.Build.0 = Debug|Any CPU
		{CED22CD3-F085-4F79-8E07-3E71ED2530F1}.Release|Any CPU.ActiveCfg = Release|Any CPU
		{CED22CD3-F085-4F79-8E07-3E71ED2530F1}.Release|Any CPU.Build.0 = Release|Any CPU
		{F2A8CDCB-B08A-4F92-A741-9DEAAB3B7BB2}.Debug|Any CPU.ActiveCfg = Debug|Any CPU
		{F2A8CDCB-B08A-4F92-A741-9DEAAB3B7BB2}.Debug|Any CPU.Build.0 = Debug|Any CPU
		{F2A8CDCB-B08A-4F92-A741-9DEAAB3B7BB2}.Release|Any CPU.ActiveCfg = Release|Any CPU
		{F2A8CDCB-B08A-4F92-A741-9DEAAB3B7BB2}.Release|Any CPU.Build.0 = Release|Any CPU
	EndGlobalSection
	GlobalSection(SolutionProperties) = preSolution
		HideSolutionNode = FALSE
	EndGlobalSection
	GlobalSection(ExtensibilityGlobals) = postSolution
		SolutionGuid = {0575261B-7AE7-472F-93C3-B002ACD66930}
	EndGlobalSection
EndGlobal
